
Microsoft Visual Studio Solution File, Format Version 12.00
# Visual Studio Version 16
VisualStudioVersion = 16.0.31613.86
MinimumVisualStudioVersion = 10.0.40219.1
Project("{FAE04EC0-301F-11D3-BF4B-00C04F79EFBC}") = "TriMixedLeague.UWP", "TriMixedLeague\TriMixedLeague.UWP\TriMixedLeague.UWP.csproj", "{75AA0219-9660-4801-901D-AE2CF935C1A7}"
EndProject
Project("{FAE04EC0-301F-11D3-BF4B-00C04F79EFBC}") = "TriMixedLeague.Android", "TriMixedLeague\TriMixedLeague.Android\TriMixedLeague.Android.csproj", "{11387D9F-FE39-4F94-AA86-A06A3B5D60D1}"
EndProject
Project("{FAE04EC0-301F-11D3-BF4B-00C04F79EFBC}") = "TriMixedLeague.iOS", "TriMixedLeague\TriMixedLeague.iOS\TriMixedLeague.iOS.csproj", "{D5F2382F-249E-4333-8A38-74B53C97B33D}"
EndProject
Project("{9A19103F-16F7-4668-BE54-9A1E7A4F7556}") = "TriMixedLeague", "TriMixedLeague\TriMixedLeague\TriMixedLeague.csproj", "{1C18ED5E-EB58-4F98-8018-BF2977674C8F}"
EndProject
Project("{9A19103F-16F7-4668-BE54-9A1E7A4F7556}") = "BowlLib", "BowlLib\BowlLib\BowlLib.csproj", "{3317C863-3FCA-45F1-BA8F-4118854263DD}"
EndProject
Global
	GlobalSection(SolutionConfigurationPlatforms) = preSolution
		Debug|Any CPU = Debug|Any CPU
		Debug|ARM = Debug|ARM
		Debug|iPhone = Debug|iPhone
		Debug|iPhoneSimulator = Debug|iPhoneSimulator
		Debug|x64 = Debug|x64
		Debug|x86 = Debug|x86
		Release|Any CPU = Release|Any CPU
		Release|ARM = Release|ARM
		Release|iPhone = Release|iPhone
		Release|iPhoneSimulator = Release|iPhoneSimulator
		Release|x64 = Release|x64
		Release|x86 = Release|x86
	EndGlobalSection
	GlobalSection(ProjectConfigurationPlatforms) = postSolution
		{75AA0219-9660-4801-901D-AE2CF935C1A7}.Debug|Any CPU.ActiveCfg = Debug|x86
		{75AA0219-9660-4801-901D-AE2CF935C1A7}.Debug|Any CPU.Build.0 = Debug|x86
		{75AA0219-9660-4801-901D-AE2CF935C1A7}.Debug|Any CPU.Deploy.0 = Debug|x86
		{75AA0219-9660-4801-901D-AE2CF935C1A7}.Debug|ARM.ActiveCfg = Debug|ARM
		{75AA0219-9660-4801-901D-AE2CF935C1A7}.Debug|ARM.Build.0 = Debug|ARM
		{75AA0219-9660-4801-901D-AE2CF935C1A7}.Debug|ARM.Deploy.0 = Debug|ARM
		{75AA0219-9660-4801-901D-AE2CF935C1A7}.Debug|iPhone.ActiveCfg = Debug|x86
		{75AA0219-9660-4801-901D-AE2CF935C1A7}.Debug|iPhone.Build.0 = Debug|x86
		{75AA0219-9660-4801-901D-AE2CF935C1A7}.Debug|iPhone.Deploy.0 = Debug|x86
		{75AA0219-9660-4801-901D-AE2CF935C1A7}.Debug|iPhoneSimulator.ActiveCfg = Debug|x86
		{75AA0219-9660-4801-901D-AE2CF935C1A7}.Debug|iPhoneSimulator.Build.0 = Debug|x86
		{75AA0219-9660-4801-901D-AE2CF935C1A7}.Debug|iPhoneSimulator.Deploy.0 = Debug|x86
		{75AA0219-9660-4801-901D-AE2CF935C1A7}.Debug|x64.ActiveCfg = Debug|x64
		{75AA0219-9660-4801-901D-AE2CF935C1A7}.Debug|x64.Build.0 = Debug|x64
		{75AA0219-9660-4801-901D-AE2CF935C1A7}.Debug|x64.Deploy.0 = Debug|x64
		{75AA0219-9660-4801-901D-AE2CF935C1A7}.Debug|x86.ActiveCfg = Debug|x86
		{75AA0219-9660-4801-901D-AE2CF935C1A7}.Debug|x86.Build.0 = Debug|x86
		{75AA0219-9660-4801-901D-AE2CF935C1A7}.Debug|x86.Deploy.0 = Debug|x86
		{75AA0219-9660-4801-901D-AE2CF935C1A7}.Release|Any CPU.ActiveCfg = Release|x86
		{75AA0219-9660-4801-901D-AE2CF935C1A7}.Release|Any CPU.Build.0 = Release|x86
		{75AA0219-9660-4801-901D-AE2CF935C1A7}.Release|Any CPU.Deploy.0 = Release|x86
		{75AA0219-9660-4801-901D-AE2CF935C1A7}.Release|ARM.ActiveCfg = Release|ARM
		{75AA0219-9660-4801-901D-AE2CF935C1A7}.Release|ARM.Build.0 = Release|ARM
		{75AA0219-9660-4801-901D-AE2CF935C1A7}.Release|ARM.Deploy.0 = Release|ARM
		{75AA0219-9660-4801-901D-AE2CF935C1A7}.Release|iPhone.ActiveCfg = Release|x86
		{75AA0219-9660-4801-901D-AE2CF935C1A7}.Release|iPhone.Build.0 = Release|x86
		{75AA0219-9660-4801-901D-AE2CF935C1A7}.Release|iPhone.Deploy.0 = Release|x86
		{75AA0219-9660-4801-901D-AE2CF935C1A7}.Release|iPhoneSimulator.ActiveCfg = Release|x86
		{75AA0219-9660-4801-901D-AE2CF935C1A7}.Release|iPhoneSimulator.Build.0 = Release|x86
		{75AA0219-9660-4801-901D-AE2CF935C1A7}.Release|iPhoneSimulator.Deploy.0 = Release|x86
		{75AA0219-9660-4801-901D-AE2CF935C1A7}.Release|x64.ActiveCfg = Release|x64
		{75AA0219-9660-4801-901D-AE2CF935C1A7}.Release|x64.Build.0 = Release|x64
		{75AA0219-9660-4801-901D-AE2CF935C1A7}.Release|x64.Deploy.0 = Release|x64
		{75AA0219-9660-4801-901D-AE2CF935C1A7}.Release|x86.ActiveCfg = Release|x86
		{75AA0219-9660-4801-901D-AE2CF935C1A7}.Release|x86.Build.0 = Release|x86
		{75AA0219-9660-4801-901D-AE2CF935C1A7}.Release|x86.Deploy.0 = Release|x86
		{11387D9F-FE39-4F94-AA86-A06A3B5D60D1}.Debug|Any CPU.ActiveCfg = Debug|Any CPU
		{11387D9F-FE39-4F94-AA86-A06A3B5D60D1}.Debug|Any CPU.Build.0 = Debug|Any CPU
		{11387D9F-FE39-4F94-AA86-A06A3B5D60D1}.Debug|Any CPU.Deploy.0 = Debug|Any CPU
		{11387D9F-FE39-4F94-AA86-A06A3B5D60D1}.Debug|ARM.ActiveCfg = Debug|Any CPU
		{11387D9F-FE39-4F94-AA86-A06A3B5D60D1}.Debug|ARM.Build.0 = Debug|Any CPU
		{11387D9F-FE39-4F94-AA86-A06A3B5D60D1}.Debug|ARM.Deploy.0 = Debug|Any CPU
		{11387D9F-FE39-4F94-AA86-A06A3B5D60D1}.Debug|iPhone.ActiveCfg = Debug|Any CPU
		{11387D9F-FE39-4F94-AA86-A06A3B5D60D1}.Debug|iPhone.Build.0 = Debug|Any CPU
		{11387D9F-FE39-4F94-AA86-A06A3B5D60D1}.Debug|iPhone.Deploy.0 = Debug|Any CPU
		{11387D9F-FE39-4F94-AA86-A06A3B5D60D1}.Debug|iPhoneSimulator.ActiveCfg = Debug|Any CPU
		{11387D9F-FE39-4F94-AA86-A06A3B5D60D1}.Debug|iPhoneSimulator.Build.0 = Debug|Any CPU
		{11387D9F-FE39-4F94-AA86-A06A3B5D60D1}.Debug|iPhoneSimulator.Deploy.0 = Debug|Any CPU
		{11387D9F-FE39-4F94-AA86-A06A3B5D60D1}.Debug|x64.ActiveCfg = Debug|Any CPU
		{11387D9F-FE39-4F94-AA86-A06A3B5D60D1}.Debug|x64.Build.0 = Debug|Any CPU
		{11387D9F-FE39-4F94-AA86-A06A3B5D60D1}.Debug|x64.Deploy.0 = Debug|Any CPU
		{11387D9F-FE39-4F94-AA86-A06A3B5D60D1}.Debug|x86.ActiveCfg = Debug|Any CPU
		{11387D9F-FE39-4F94-AA86-A06A3B5D60D1}.Debug|x86.Build.0 = Debug|Any CPU
		{11387D9F-FE39-4F94-AA86-A06A3B5D60D1}.Debug|x86.Deploy.0 = Debug|Any CPU
		{11387D9F-FE39-4F94-AA86-A06A3B5D60D1}.Release|Any CPU.ActiveCfg = Release|Any CPU
		{11387D9F-FE39-4F94-AA86-A06A3B5D60D1}.Release|Any CPU.Build.0 = Release|Any CPU
		{11387D9F-FE39-4F94-AA86-A06A3B5D60D1}.Release|Any CPU.Deploy.0 = Release|Any CPU
		{11387D9F-FE39-4F94-AA86-A06A3B5D60D1}.Release|ARM.ActiveCfg = Release|Any CPU
		{11387D9F-FE39-4F94-AA86-A06A3B5D60D1}.Release|ARM.Build.0 = Release|Any CPU
		{11387D9F-FE39-4F94-AA86-A06A3B5D60D1}.Release|ARM.Deploy.0 = Release|Any CPU
		{11387D9F-FE39-4F94-AA86-A06A3B5D60D1}.Release|iPhone.ActiveCfg = Release|Any CPU
		{11387D9F-FE39-4F94-AA86-A06A3B5D60D1}.Release|iPhone.Build.0 = Release|Any CPU
		{11387D9F-FE39-4F94-AA86-A06A3B5D60D1}.Release|iPhone.Deploy.0 = Release|Any CPU
		{11387D9F-FE39-4F94-AA86-A06A3B5D60D1}.Release|iPhoneSimulator.ActiveCfg = Release|Any CPU
		{11387D9F-FE39-4F94-AA86-A06A3B5D60D1}.Release|iPhoneSimulator.Build.0 = Release|Any CPU
		{11387D9F-FE39-4F94-AA86-A06A3B5D60D1}.Release|iPhoneSimulator.Deploy.0 = Release|Any CPU
		{11387D9F-FE39-4F94-AA86-A06A3B5D60D1}.Release|x64.ActiveCfg = Release|Any CPU
		{11387D9F-FE39-4F94-AA86-A06A3B5D60D1}.Release|x64.Build.0 = Release|Any CPU
		{11387D9F-FE39-4F94-AA86-A06A3B5D60D1}.Release|x64.Deploy.0 = Release|Any CPU
		{11387D9F-FE39-4F94-AA86-A06A3B5D60D1}.Release|x86.ActiveCfg = Release|Any CPU
		{11387D9F-FE39-4F94-AA86-A06A3B5D60D1}.Release|x86.Build.0 = Release|Any CPU
		{11387D9F-FE39-4F94-AA86-A06A3B5D60D1}.Release|x86.Deploy.0 = Release|Any CPU
		{D5F2382F-249E-4333-8A38-74B53C97B33D}.Debug|Any CPU.ActiveCfg = Debug|iPhoneSimulator
		{D5F2382F-249E-4333-8A38-74B53C97B33D}.Debug|Any CPU.Build.0 = Debug|iPhoneSimulator
		{D5F2382F-249E-4333-8A38-74B53C97B33D}.Debug|Any CPU.Deploy.0 = Debug|iPhoneSimulator
		{D5F2382F-249E-4333-8A38-74B53C97B33D}.Debug|ARM.ActiveCfg = Debug|iPhone
		{D5F2382F-249E-4333-8A38-74B53C97B33D}.Debug|ARM.Build.0 = Debug|iPhone
		{D5F2382F-249E-4333-8A38-74B53C97B33D}.Debug|ARM.Deploy.0 = Debug|iPhone
		{D5F2382F-249E-4333-8A38-74B53C97B33D}.Debug|iPhone.ActiveCfg = Debug|iPhone
		{D5F2382F-249E-4333-8A38-74B53C97B33D}.Debug|iPhone.Build.0 = Debug|iPhone
		{D5F2382F-249E-4333-8A38-74B53C97B33D}.Debug|iPhone.Deploy.0 = Debug|iPhone
		{D5F2382F-249E-4333-8A38-74B53C97B33D}.Debug|iPhoneSimulator.ActiveCfg = Debug|iPhoneSimulator
		{D5F2382F-249E-4333-8A38-74B53C97B33D}.Debug|iPhoneSimulator.Build.0 = Debug|iPhoneSimulator
		{D5F2382F-249E-4333-8A38-74B53C97B33D}.Debug|iPhoneSimulator.Deploy.0 = Debug|iPhoneSimulator
		{D5F2382F-249E-4333-8A38-74B53C97B33D}.Debug|x64.ActiveCfg = Debug|iPhoneSimulator
		{D5F2382F-249E-4333-8A38-74B53C97B33D}.Debug|x64.Build.0 = Debug|iPhoneSimulator
		{D5F2382F-249E-4333-8A38-74B53C97B33D}.Debug|x64.Deploy.0 = Debug|iPhoneSimulator
		{D5F2382F-249E-4333-8A38-74B53C97B33D}.Debug|x86.ActiveCfg = Debug|iPhoneSimulator
		{D5F2382F-249E-4333-8A38-74B53C97B33D}.Debug|x86.Build.0 = Debug|iPhoneSimulator
		{D5F2382F-249E-4333-8A38-74B53C97B33D}.Debug|x86.Deploy.0 = Debug|iPhoneSimulator
		{D5F2382F-249E-4333-8A38-74B53C97B33D}.Release|Any CPU.ActiveCfg = Release|iPhoneSimulator
		{D5F2382F-249E-4333-8A38-74B53C97B33D}.Release|Any CPU.Build.0 = Release|iPhoneSimulator
		{D5F2382F-249E-4333-8A38-74B53C97B33D}.Release|Any CPU.Deploy.0 = Release|iPhoneSimulator
		{D5F2382F-249E-4333-8A38-74B53C97B33D}.Release|ARM.ActiveCfg = Release|iPhoneSimulator
		{D5F2382F-249E-4333-8A38-74B53C97B33D}.Release|ARM.Build.0 = Release|iPhoneSimulator
		{D5F2382F-249E-4333-8A38-74B53C97B33D}.Release|ARM.Deploy.0 = Release|iPhoneSimulator
		{D5F2382F-249E-4333-8A38-74B53C97B33D}.Release|iPhone.ActiveCfg = Release|iPhone
		{D5F2382F-249E-4333-8A38-74B53C97B33D}.Release|iPhone.Build.0 = Release|iPhone
		{D5F2382F-249E-4333-8A38-74B53C97B33D}.Release|iPhone.Deploy.0 = Release|iPhone
		{D5F2382F-249E-4333-8A38-74B53C97B33D}.Release|iPhoneSimulator.ActiveCfg = Release|iPhoneSimulator
		{D5F2382F-249E-4333-8A38-74B53C97B33D}.Release|iPhoneSimulator.Build.0 = Release|iPhoneSimulator
		{D5F2382F-249E-4333-8A38-74B53C97B33D}.Release|iPhoneSimulator.Deploy.0 = Release|iPhoneSimulator
		{D5F2382F-249E-4333-8A38-74B53C97B33D}.Release|x64.ActiveCfg = Release|iPhoneSimulator
		{D5F2382F-249E-4333-8A38-74B53C97B33D}.Release|x64.Build.0 = Release|iPhoneSimulator
		{D5F2382F-249E-4333-8A38-74B53C97B33D}.Release|x64.Deploy.0 = Release|iPhoneSimulator
		{D5F2382F-249E-4333-8A38-74B53C97B33D}.Release|x86.ActiveCfg = Release|iPhoneSimulator
		{D5F2382F-249E-4333-8A38-74B53C97B33D}.Release|x86.Build.0 = Release|iPhoneSimulator
		{D5F2382F-249E-4333-8A38-74B53C97B33D}.Release|x86.Deploy.0 = Release|iPhoneSimulator
		{1C18ED5E-EB58-4F98-8018-BF2977674C8F}.Debug|Any CPU.ActiveCfg = Debug|Any CPU
		{1C18ED5E-EB58-4F98-8018-BF2977674C8F}.Debug|Any CPU.Build.0 = Debug|Any CPU
		{1C18ED5E-EB58-4F98-8018-BF2977674C8F}.Debug|Any CPU.Deploy.0 = Debug|Any CPU
		{1C18ED5E-EB58-4F98-8018-BF2977674C8F}.Debug|ARM.ActiveCfg = Debug|Any CPU
		{1C18ED5E-EB58-4F98-8018-BF2977674C8F}.Debug|ARM.Build.0 = Debug|Any CPU
		{1C18ED5E-EB58-4F98-8018-BF2977674C8F}.Debug|ARM.Deploy.0 = Debug|Any CPU
		{1C18ED5E-EB58-4F98-8018-BF2977674C8F}.Debug|iPhone.ActiveCfg = Debug|Any CPU
		{1C18ED5E-EB58-4F98-8018-BF2977674C8F}.Debug|iPhone.Build.0 = Debug|Any CPU
		{1C18ED5E-EB58-4F98-8018-BF2977674C8F}.Debug|iPhone.Deploy.0 = Debug|Any CPU
		{1C18ED5E-EB58-4F98-8018-BF2977674C8F}.Debug|iPhoneSimulator.ActiveCfg = Debug|Any CPU
		{1C18ED5E-EB58-4F98-8018-BF2977674C8F}.Debug|iPhoneSimulator.Build.0 = Debug|Any CPU
		{1C18ED5E-EB58-4F98-8018-BF2977674C8F}.Debug|iPhoneSimulator.Deploy.0 = Debug|Any CPU
		{1C18ED5E-EB58-4F98-8018-BF2977674C8F}.Debug|x64.ActiveCfg = Debug|Any CPU
		{1C18ED5E-EB58-4F98-8018-BF2977674C8F}.Debug|x64.Build.0 = Debug|Any CPU
		{1C18ED5E-EB58-4F98-8018-BF2977674C8F}.Debug|x64.Deploy.0 = Debug|Any CPU
		{1C18ED5E-EB58-4F98-8018-BF2977674C8F}.Debug|x86.ActiveCfg = Debug|Any CPU
		{1C18ED5E-EB58-4F98-8018-BF2977674C8F}.Debug|x86.Build.0 = Debug|Any CPU
		{1C18ED5E-EB58-4F98-8018-BF2977674C8F}.Debug|x86.Deploy.0 = Debug|Any CPU
		{1C18ED5E-EB58-4F98-8018-BF2977674C8F}.Release|Any CPU.ActiveCfg = Release|Any CPU
		{1C18ED5E-EB58-4F98-8018-BF2977674C8F}.Release|Any CPU.Build.0 = Release|Any CPU
		{1C18ED5E-EB58-4F98-8018-BF2977674C8F}.Release|Any CPU.Deploy.0 = Release|Any CPU
		{1C18ED5E-EB58-4F98-8018-BF2977674C8F}.Release|ARM.ActiveCfg = Release|Any CPU
		{1C18ED5E-EB58-4F98-8018-BF2977674C8F}.Release|ARM.Build.0 = Release|Any CPU
		{1C18ED5E-EB58-4F98-8018-BF2977674C8F}.Release|ARM.Deploy.0 = Release|Any CPU
		{1C18ED5E-EB58-4F98-8018-BF2977674C8F}.Release|iPhone.ActiveCfg = Release|Any CPU
		{1C18ED5E-EB58-4F98-8018-BF2977674C8F}.Release|iPhone.Build.0 = Release|Any CPU
		{1C18ED5E-EB58-4F98-8018-BF2977674C8F}.Release|iPhone.Deploy.0 = Release|Any CPU
		{1C18ED5E-EB58-4F98-8018-BF2977674C8F}.Release|iPhoneSimulator.ActiveCfg = Release|Any CPU
		{1C18ED5E-EB58-4F98-8018-BF2977674C8F}.Release|iPhoneSimulator.Build.0 = Release|Any CPU
		{1C18ED5E-EB58-4F98-8018-BF2977674C8F}.Release|iPhoneSimulator.Deploy.0 = Release|Any CPU
		{1C18ED5E-EB58-4F98-8018-BF2977674C8F}.Release|x64.ActiveCfg = Release|Any CPU
		{1C18ED5E-EB58-4F98-8018-BF2977674C8F}.Release|x64.Build.0 = Release|Any CPU
		{1C18ED5E-EB58-4F98-8018-BF2977674C8F}.Release|x64.Deploy.0 = Release|Any CPU
		{1C18ED5E-EB58-4F98-8018-BF2977674C8F}.Release|x86.ActiveCfg = Release|Any CPU
		{1C18ED5E-EB58-4F98-8018-BF2977674C8F}.Release|x86.Build.0 = Release|Any CPU
		{1C18ED5E-EB58-4F98-8018-BF2977674C8F}.Release|x86.Deploy.0 = Release|Any CPU
		{3317C863-3FCA-45F1-BA8F-4118854263DD}.Debug|Any CPU.ActiveCfg = Debug|Any CPU
		{3317C863-3FCA-45F1-BA8F-4118854263DD}.Debug|Any CPU.Build.0 = Debug|Any CPU
		{3317C863-3FCA-45F1-BA8F-4118854263DD}.Debug|ARM.ActiveCfg = Debug|Any CPU
		{3317C863-3FCA-45F1-BA8F-4118854263DD}.Debug|ARM.Build.0 = Debug|Any CPU
		{3317C863-3FCA-45F1-BA8F-4118854263DD}.Debug|iPhone.ActiveCfg = Debug|Any CPU
		{3317C863-3FCA-45F1-BA8F-4118854263DD}.Debug|iPhone.Build.0 = Debug|Any CPU
		{3317C863-3FCA-45F1-BA8F-4118854263DD}.Debug|iPhoneSimulator.ActiveCfg = Debug|Any CPU
		{3317C863-3FCA-45F1-BA8F-4118854263DD}.Debug|iPhoneSimulator.Build.0 = Debug|Any CPU
		{3317C863-3FCA-45F1-BA8F-4118854263DD}.Debug|x64.ActiveCfg = Debug|Any CPU
		{3317C863-3FCA-45F1-BA8F-4118854263DD}.Debug|x64.Build.0 = Debug|Any CPU
		{3317C863-3FCA-45F1-BA8F-4118854263DD}.Debug|x86.ActiveCfg = Debug|Any CPU
		{3317C863-3FCA-45F1-BA8F-4118854263DD}.Debug|x86.Build.0 = Debug|Any CPU
		{3317C863-3FCA-45F1-BA8F-4118854263DD}.Release|Any CPU.ActiveCfg = Release|Any CPU
		{3317C863-3FCA-45F1-BA8F-4118854263DD}.Release|Any CPU.Build.0 = Release|Any CPU
		{3317C863-3FCA-45F1-BA8F-4118854263DD}.Release|ARM.ActiveCfg = Release|Any CPU
		{3317C863-3FCA-45F1-BA8F-4118854263DD}.Release|ARM.Build.0 = Release|Any CPU
		{3317C863-3FCA-45F1-BA8F-4118854263DD}.Release|iPhone.ActiveCfg = Release|Any CPU
		{3317C863-3FCA-45F1-BA8F-4118854263DD}.Release|iPhone.Build.0 = Release|Any CPU
		{3317C863-3FCA-45F1-BA8F-4118854263DD}.Release|iPhoneSimulator.ActiveCfg = Release|Any CPU
		{3317C863-3FCA-45F1-BA8F-4118854263DD}.Release|iPhoneSimulator.Build.0 = Release|Any CPU
		{3317C863-3FCA-45F1-BA8F-4118854263DD}.Release|x64.ActiveCfg = Release|Any CPU
		{3317C863-3FCA-45F1-BA8F-4118854263DD}.Release|x64.Build.0 = Release|Any CPU
		{3317C863-3FCA-45F1-BA8F-4118854263DD}.Release|x86.ActiveCfg = Release|Any CPU
		{3317C863-3FCA-45F1-BA8F-4118854263DD}.Release|x86.Build.0 = Release|Any CPU
	EndGlobalSection
	GlobalSection(SolutionProperties) = preSolution
		HideSolutionNode = FALSE
	EndGlobalSection
	GlobalSection(ExtensibilityGlobals) = postSolution
		SolutionGuid = {D3A0600A-9EE1-4A7E-8020-CB574192063F}
	EndGlobalSection
EndGlobal
